
Microsoft Visual Studio Solution File, Format Version 12.00
# Visual Studio Version 17
VisualStudioVersion = 17.5.2.0
MinimumVisualStudioVersion = 10.0.40219.1
Project("{FAE04EC0-301F-11D3-BF4B-00C04F79EFBC}") = "webshell", "webshell\webshell.csproj", "{5ADA2BB6-BD8A-FBBA-631C-E748BB1D8E69}"
EndProject
Project("{FAE04EC0-301F-11D3-BF4B-00C04F79EFBC}") = "appcore", "appcore\appcore.csproj", "{3BE52C23-40AD-40A6-9F1C-24A05437AA43}"
EndProject
Project("{FAE04EC0-301F-11D3-BF4B-00C04F79EFBC}") = "appcore.immutable", "appcore.immutable\appcore.immutable.csproj", "{25A25C3A-3BE4-4FF1-ABD4-621C35BB36CA}"
EndProject
Global
	GlobalSection(SolutionConfigurationPlatforms) = preSolution
		Debug|Any CPU = Debug|Any CPU
		Debug|x64 = Debug|x64
		Debug|x86 = Debug|x86
		Release|Any CPU = Release|Any CPU
		Release|x64 = Release|x64
		Release|x86 = Release|x86
	EndGlobalSection
	GlobalSection(ProjectConfigurationPlatforms) = postSolution
		{5ADA2BB6-BD8A-FBBA-631C-E748BB1D8E69}.Debug|Any CPU.ActiveCfg = Debug|Any CPU
		{5ADA2BB6-BD8A-FBBA-631C-E748BB1D8E69}.Debug|Any CPU.Build.0 = Debug|Any CPU
		{5ADA2BB6-BD8A-FBBA-631C-E748BB1D8E69}.Debug|x64.ActiveCfg = Debug|Any CPU
		{5ADA2BB6-BD8A-FBBA-631C-E748BB1D8E69}.Debug|x64.Build.0 = Debug|Any CPU
		{5ADA2BB6-BD8A-FBBA-631C-E748BB1D8E69}.Debug|x86.ActiveCfg = Debug|Any CPU
		{5ADA2BB6-BD8A-FBBA-631C-E748BB1D8E69}.Debug|x86.Build.0 = Debug|Any CPU
		{5ADA2BB6-BD8A-FBBA-631C-E748BB1D8E69}.Release|Any CPU.ActiveCfg = Release|Any CPU
		{5ADA2BB6-BD8A-FBBA-631C-E748BB1D8E69}.Release|Any CPU.Build.0 = Release|Any CPU
		{5ADA2BB6-BD8A-FBBA-631C-E748BB1D8E69}.Release|x64.ActiveCfg = Release|Any CPU
		{5ADA2BB6-BD8A-FBBA-631C-E748BB1D8E69}.Release|x64.Build.0 = Release|Any CPU
		{5ADA2BB6-BD8A-FBBA-631C-E748BB1D8E69}.Release|x86.ActiveCfg = Release|Any CPU
		{5ADA2BB6-BD8A-FBBA-631C-E748BB1D8E69}.Release|x86.Build.0 = Release|Any CPU
		{3BE52C23-40AD-40A6-9F1C-24A05437AA43}.Debug|Any CPU.ActiveCfg = Debug|Any CPU
		{3BE52C23-40AD-40A6-9F1C-24A05437AA43}.Debug|Any CPU.Build.0 = Debug|Any CPU
		{3BE52C23-40AD-40A6-9F1C-24A05437AA43}.Debug|x64.ActiveCfg = Debug|Any CPU
		{3BE52C23-40AD-40A6-9F1C-24A05437AA43}.Debug|x64.Build.0 = Debug|Any CPU
		{3BE52C23-40AD-40A6-9F1C-24A05437AA43}.Debug|x86.ActiveCfg = Debug|Any CPU
		{3BE52C23-40AD-40A6-9F1C-24A05437AA43}.Debug|x86.Build.0 = Debug|Any CPU
		{3BE52C23-40AD-40A6-9F1C-24A05437AA43}.Release|Any CPU.ActiveCfg = Release|Any CPU
		{3BE52C23-40AD-40A6-9F1C-24A05437AA43}.Release|Any CPU.Build.0 = Release|Any CPU
		{3BE52C23-40AD-40A6-9F1C-24A05437AA43}.Release|x64.ActiveCfg = Release|Any CPU
		{3BE52C23-40AD-40A6-9F1C-24A05437AA43}.Release|x64.Build.0 = Release|Any CPU
		{3BE52C23-40AD-40A6-9F1C-24A05437AA43}.Release|x86.ActiveCfg = Release|Any CPU
		{3BE52C23-40AD-40A6-9F1C-24A05437AA43}.Release|x86.Build.0 = Release|Any CPU
		{25A25C3A-3BE4-4FF1-ABD4-621C35BB36CA}.Debug|Any CPU.ActiveCfg = Debug|Any CPU
		{25A25C3A-3BE4-4FF1-ABD4-621C35BB36CA}.Debug|Any CPU.Build.0 = Debug|Any CPU
		{25A25C3A-3BE4-4FF1-ABD4-621C35BB36CA}.Debug|x64.ActiveCfg = Debug|Any CPU
		{25A25C3A-3BE4-4FF1-ABD4-621C35BB36CA}.Debug|x64.Build.0 = Debug|Any CPU
		{25A25C3A-3BE4-4FF1-ABD4-621C35BB36CA}.Debug|x86.ActiveCfg = Debug|Any CPU
		{25A25C3A-3BE4-4FF1-ABD4-621C35BB36CA}.Debug|x86.Build.0 = Debug|Any CPU
		{25A25C3A-3BE4-4FF1-ABD4-621C35BB36CA}.Release|Any CPU.ActiveCfg = Release|Any CPU
		{25A25C3A-3BE4-4FF1-ABD4-621C35BB36CA}.Release|Any CPU.Build.0 = Release|Any CPU
		{25A25C3A-3BE4-4FF1-ABD4-621C35BB36CA}.Release|x64.ActiveCfg = Release|Any CPU
		{25A25C3A-3BE4-4FF1-ABD4-621C35BB36CA}.Release|x64.Build.0 = Release|Any CPU
		{25A25C3A-3BE4-4FF1-ABD4-621C35BB36CA}.Release|x86.ActiveCfg = Release|Any CPU
		{25A25C3A-3BE4-4FF1-ABD4-621C35BB36CA}.Release|x86.Build.0 = Release|Any CPU
	EndGlobalSection
	GlobalSection(SolutionProperties) = preSolution
		HideSolutionNode = FALSE
	EndGlobalSection
	GlobalSection(ExtensibilityGlobals) = postSolution
		SolutionGuid = {A532BBC2-C36A-40AB-B3F1-49C2D57626EE}
	EndGlobalSection
EndGlobal
